
Microsoft Visual Studio Solution File, Format Version 12.00
# Visual Studio 2017
Project("{FAE04EC0-301F-11D3-BF4B-00C04F79EFBC}") = "Intelesia", "Intelesia.csproj", "{05596821-D194-EC13-84B1-4CBAFE6B344E}"
EndProject
Project("{FAE04EC0-301F-11D3-BF4B-00C04F79EFBC}") = "Intelesia.Plugins", "Intelesia.Plugins.csproj", "{B3406E6C-0E33-959E-D288-DF6B7116ACF3}"
EndProject
Global
	GlobalSection(SolutionConfigurationPlatforms) = preSolution
		Debug|Any CPU = Debug|Any CPU
		Release|Any CPU = Release|Any CPU
	EndGlobalSection
	GlobalSection(ProjectConfigurationPlatforms) = postSolution
		{05596821-D194-EC13-84B1-4CBAFE6B344E}.Debug|Any CPU.ActiveCfg = Debug|Any CPU
		{05596821-D194-EC13-84B1-4CBAFE6B344E}.Debug|Any CPU.Build.0 = Debug|Any CPU
		{05596821-D194-EC13-84B1-4CBAFE6B344E}.Release|Any CPU.ActiveCfg = Release|Any CPU
		{05596821-D194-EC13-84B1-4CBAFE6B344E}.Release|Any CPU.Build.0 = Release|Any CPU
		{B3406E6C-0E33-959E-D288-DF6B7116ACF3}.Debug|Any CPU.ActiveCfg = Debug|Any CPU
		{B3406E6C-0E33-959E-D288-DF6B7116ACF3}.Debug|Any CPU.Build.0 = Debug|Any CPU
		{B3406E6C-0E33-959E-D288-DF6B7116ACF3}.Release|Any CPU.ActiveCfg = Release|Any CPU
		{B3406E6C-0E33-959E-D288-DF6B7116ACF3}.Release|Any CPU.Build.0 = Release|Any CPU
	EndGlobalSection
	GlobalSection(SolutionProperties) = preSolution
		HideSolutionNode = FALSE
	EndGlobalSection
EndGlobal
